
Microsoft Visual Studio Solution File, Format Version 12.00
# Visual Studio Version 16
VisualStudioVersion = 16.0.30907.101
MinimumVisualStudioVersion = 10.0.40219.1
Project("{FAE04EC0-301F-11D3-BF4B-00C04F79EFBC}") = "Login Biblioteca", "Login Biblioteca.csproj", "{7D29461D-97CF-4153-BFAA-8B875D651ABF}"
EndProject
Global
	GlobalSection(SolutionConfigurationPlatforms) = preSolution
		Debug|Any CPU = Debug|Any CPU
		Release|Any CPU = Release|Any CPU
	EndGlobalSection
	GlobalSection(ProjectConfigurationPlatforms) = postSolution
		{7D29461D-97CF-4153-BFAA-8B875D651ABF}.Debug|Any CPU.ActiveCfg = Debug|Any CPU
		{7D29461D-97CF-4153-BFAA-8B875D651ABF}.Debug|Any CPU.Build.0 = Debug|Any CPU
		{7D29461D-97CF-4153-BFAA-8B875D651ABF}.Release|Any CPU.ActiveCfg = Release|Any CPU
		{7D29461D-97CF-4153-BFAA-8B875D651ABF}.Release|Any CPU.Build.0 = Release|Any CPU
	EndGlobalSection
	GlobalSection(SolutionProperties) = preSolution
		HideSolutionNode = FALSE
	EndGlobalSection
	GlobalSection(ExtensibilityGlobals) = postSolution
		SolutionGuid = {FFC47D6D-3938-4B89-B100-B7E343B3D271}
	EndGlobalSection
EndGlobal
